
Microsoft Visual Studio Solution File, Format Version 12.00
Project("{FAE04EC0-301F-11D3-BF4B-00C04F79EFBC}") = "EvtcExport", "EvtcExport\EvtcExport.csproj", "{C32E1197-A8C9-4A21-9036-4755CE187E41}"
EndProject
Project("{FAE04EC0-301F-11D3-BF4B-00C04F79EFBC}") = "EVTCAnalytics", "evtc\EVTCAnalytics\EVTCAnalytics.csproj", "{37D37433-E820-49FD-85E0-04D1F90CBCD7}"
EndProject
Global
	GlobalSection(SolutionConfigurationPlatforms) = preSolution
		Debug|Any CPU = Debug|Any CPU
		Release|Any CPU = Release|Any CPU
	EndGlobalSection
	GlobalSection(ProjectConfigurationPlatforms) = postSolution
		{C32E1197-A8C9-4A21-9036-4755CE187E41}.Debug|Any CPU.ActiveCfg = Debug|Any CPU
		{C32E1197-A8C9-4A21-9036-4755CE187E41}.Debug|Any CPU.Build.0 = Debug|Any CPU
		{C32E1197-A8C9-4A21-9036-4755CE187E41}.Release|Any CPU.ActiveCfg = Release|Any CPU
		{C32E1197-A8C9-4A21-9036-4755CE187E41}.Release|Any CPU.Build.0 = Release|Any CPU
		{37D37433-E820-49FD-85E0-04D1F90CBCD7}.Debug|Any CPU.ActiveCfg = Debug|Any CPU
		{37D37433-E820-49FD-85E0-04D1F90CBCD7}.Debug|Any CPU.Build.0 = Debug|Any CPU
		{37D37433-E820-49FD-85E0-04D1F90CBCD7}.Release|Any CPU.ActiveCfg = Release|Any CPU
		{37D37433-E820-49FD-85E0-04D1F90CBCD7}.Release|Any CPU.Build.0 = Release|Any CPU
	EndGlobalSection
EndGlobal
